Microsoft Visual Studio Solution File, Format Version 11.00
# Visual Studio 2008

Project("{E2704F30-F596-DBE4-E22D-1D443B10E004}") = "garden", "Assembly-CSharp.csproj", "{EAA61F62-CD4A-025F-7C09-44310F1AAD4F}"
EndProject
Global
	GlobalSection(SolutionConfigurationPlatforms) = preSolution
		Debug|Any CPU = Debug|Any CPU
		Release|Any CPU = Release|Any CPU
	EndGlobalSection
	GlobalSection(ProjectConfigurationPlatforms) = postSolution
		{EAA61F62-CD4A-025F-7C09-44310F1AAD4F}.Debug|Any CPU.ActiveCfg = Debug|Any CPU
		{EAA61F62-CD4A-025F-7C09-44310F1AAD4F}.Debug|Any CPU.Build.0 = Debug|Any CPU
		{EAA61F62-CD4A-025F-7C09-44310F1AAD4F}.Release|Any CPU.ActiveCfg = Release|Any CPU
		{EAA61F62-CD4A-025F-7C09-44310F1AAD4F}.Release|Any CPU.Build.0 = Release|Any CPU
	EndGlobalSection
	GlobalSection(SolutionProperties) = preSolution
		HideSolutionNode = FALSE
	EndGlobalSection
	GlobalSection(MonoDevelopProperties) = preSolution
		StartupItem = Assembly-CSharp.csproj
	EndGlobalSection
EndGlobal
